{
  "pins" : [
    {
      "identity" : "socketrocket",
      "kind" : "remoteSourceControl",
      "location" : "git@github.com:robnadin/SocketRocket.git",
      "state" : {
        "branch" : "spm-support",
        "revision" : "fe86ec01176ea3365ffa2d04a2bb6dd7a9e6c01e"
      }
    }
  ],
  "version" : 2
}
